// !$*UTF8*$!
{
	archiveVersion = 1;
	classes = {
	};
	objectVersion = 46;
	objects = {

/* Begin PBXBuildFile section */
		4DFF07EB1CEC2F6300C2A815 /* main.m in Sources */ = {isa = PBXBuildFile; fileRef = 4DFF07EA1CEC2F6300C2A815 /* main.m */; };
		4DFF07EE1CEC2F6300C2A815 /* AppDelegate.m in Sources */ = {isa = PBXBuildFile; fileRef = 4DFF07ED1CEC2F6300C2A815 /* AppDelegate.m */; };
		4DFF07F41CEC2F6300C2A815 /* Main.storyboard in Resources */ = {isa = PBXBuildFile; fileRef = 4DFF07F21CEC2F6300C2A815 /* Main.storyboard */; };
		4DFF07F71CEC2F6300C2A815 /* ActivityDemo.xcdatamodeld in Sources */ = {isa = PBXBuildFile; fileRef = 4DFF07F51CEC2F6300C2A815 /* ActivityDemo.xcdatamodeld */; };
		4DFF07F91CEC2F6300C2A815 /* Assets.xcassets in Resources */ = {isa = PBXBuildFile; fileRef = 4DFF07F81CEC2F6300C2A815 /* Assets.xcassets */; };
		4DFF07FC1CEC2F6300C2A815 /* LaunchScreen.storyboard in Resources */ = {isa = PBXBuildFile; fileRef = 4DFF07FA1CEC2F6300C2A815 /* LaunchScreen.storyboard */; };
		4DFF08081CEC305300C2A815 /* ActivityListTableViewController.m in Sources */ = {isa = PBXBuildFile; fileRef = 4DFF08071CEC305300C2A815 /* ActivityListTableViewController.m */; };
		9F64C11E1CECE6B100F35E15 /* EditorTableViewController.m in Sources */ = {isa = PBXBuildFile; fileRef = 9F64C11D1CECE6B100F35E15 /* EditorTableViewController.m */; };
		9F64C1211CECF6CC00F35E15 /* ActivityTableViewCell.m in Sources */ = {isa = PBXBuildFile; fileRef = 9F64C1201CECF6CC00F35E15 /* ActivityTableViewCell.m */; };
/* End PBXBuildFile section */

/* Begin PBXFileReference section */
		4DFF07E61CEC2F6200C2A815 /* ActivityDemo.app */ = {isa = PBXFileReference; explicitFileType = wrapper.application; includeInIndex = 0; path = ActivityDemo.app; sourceTree = BUILT_PRODUCTS_DIR; };
		4DFF07EA1CEC2F6300C2A815 /* main.m */ = {isa = PBXFileReference; lastKnownFileType = sourcecode.c.objc; path = main.m; sourceTree = "<group>"; };
		4DFF07EC1CEC2F6300C2A815 /* AppDelegate.h */ = {isa = PBXFileReference; lastKnownFileType = sourcecode.c.h; path = AppDelegate.h; sourceTree = "<group>"; };
		4DFF07ED1CEC2F6300C2A815 /* AppDelegate.m */ = {isa = PBXFileReference; lastKnownFileType = sourcecode.c.objc; path = AppDelegate.m; sourceTree = "<group>"; };
		4DFF07F31CEC2F6300C2A815 /* Base */ = {isa = PBXFileReference; lastKnownFileType = file.storyboard; name = Base; path = Base.lproj/Main.storyboard; sourceTree = "<group>"; };
		4DFF07F61CEC2F6300C2A815 /* ActivityDemo.xcdatamodel */ = {isa = PBXFileReference; lastKnownFileType = wrapper.xcdatamodel; path = ActivityDemo.xcdatamodel; sourceTree = "<group>"; };
		4DFF07F81CEC2F6300C2A815 /* Assets.xcassets */ = {isa = PBXFileReference; lastKnownFileType = folder.assetcatalog; path = Assets.xcassets; sourceTree = "<group>"; };
		4DFF07FB1CEC2F6300C2A815 /* Base */ = {isa = PBXFileReference; lastKnownFileType = file.storyboard; name = Base; path = Base.lproj/LaunchScreen.storyboard; sourceTree = "<group>"; };
		4DFF07FD1CEC2F6300C2A815 /* Info.plist */ = {isa = PBXFileReference; lastKnownFileType = text.plist.xml; path = Info.plist; sourceTree = "<group>"; };
		4DFF08061CEC305300C2A815 /* ActivityListTableViewController.h */ = {isa = PBXFileReference; fileEncoding = 4; lastKnownFileType = sourcecode.c.h; path = ActivityListTableViewController.h; sourceTree = "<group>"; };
		4DFF08071CEC305300C2A815 /* ActivityListTableViewController.m */ = {isa = PBXFileReference; fileEncoding = 4; lastKnownFileType = sourcecode.c.objc; path = ActivityListTableViewController.m; sourceTree = "<group>"; };
		9F64C11C1CECE6B100F35E15 /* EditorTableViewController.h */ = {isa = PBXFileReference; fileEncoding = 4; lastKnownFileType = sourcecode.c.h; path = EditorTableViewController.h; sourceTree = "<group>"; };
		9F64C11D1CECE6B100F35E15 /* EditorTableViewController.m */ = {isa = PBXFileReference; fileEncoding = 4; lastKnownFileType = sourcecode.c.objc; path = EditorTableViewController.m; sourceTree = "<group>"; };
		9F64C11F1CECF6CC00F35E15 /* ActivityTableViewCell.h */ = {isa = PBXFileReference; fileEncoding = 4; lastKnownFileType = sourcecode.c.h; path = ActivityTableViewCell.h; sourceTree = "<group>"; };
		9F64C1201CECF6CC00F35E15 /* ActivityTableViewCell.m */ = {isa = PBXFileReference; fileEncoding = 4; lastKnownFileType = sourcecode.c.objc; path = ActivityTableViewCell.m; sourceTree = "<group>"; };
/* End PBXFileReference section */

/* Begin PBXFrameworksBuildPhase section */
		4DFF07E31CEC2F6200C2A815 /* Frameworks */ = {
			isa = PBXFrameworksBuildPhase;
			buildActionMask = 2147483647;
			files = (
			);
			runOnlyForDeploymentPostprocessing = 0;
		};
/* End PBXFrameworksBuildPhase section */

/* Begin PBXGroup section */
		4DFF07DD1CEC2F6200C2A815 = {
			isa = PBXGroup;
			children = (
				4DFF07E81CEC2F6300C2A815 /* ActivityDemo */,
				4DFF07E71CEC2F6200C2A815 /* Products */,
			);
			sourceTree = "<group>";
		};
		4DFF07E71CEC2F6200C2A815 /* Products */ = {
			isa = PBXGroup;
			children = (
				4DFF07E61CEC2F6200C2A815 /* ActivityDemo.app */,
			);
			name = Products;
			sourceTree = "<group>";
		};
		4DFF07E81CEC2F6300C2A815 /* ActivityDemo */ = {
			isa = PBXGroup;
			children = (
				4DFF07EC1CEC2F6300C2A815 /* AppDelegate.h */,
				4DFF07ED1CEC2F6300C2A815 /* AppDelegate.m */,
				4DFF08061CEC305300C2A815 /* ActivityListTableViewController.h */,
				4DFF08071CEC305300C2A815 /* ActivityListTableViewController.m */,
				9F64C11F1CECF6CC00F35E15 /* ActivityTableViewCell.h */,
				9F64C1201CECF6CC00F35E15 /* ActivityTableViewCell.m */,
				9F64C11C1CECE6B100F35E15 /* EditorTableViewController.h */,
				9F64C11D1CECE6B100F35E15 /* EditorTableViewController.m */,
				4DFF07F21CEC2F6300C2A815 /* Main.storyboard */,
				4DFF07F81CEC2F6300C2A815 /* Assets.xcassets */,
				4DFF07FA1CEC2F6300C2A815 /* LaunchScreen.storyboard */,
				4DFF07FD1CEC2F6300C2A815 /* Info.plist */,
				4DFF07F51CEC2F6300C2A815 /* ActivityDemo.xcdatamodeld */,
				4DFF07E91CEC2F6300C2A815 /* Supporting Files */,
			);
			path = ActivityDemo;
			sourceTree = "<group>";
		};
		4DFF07E91CEC2F6300C2A815 /* Supporting Files */ = {
			isa = PBXGroup;
			children = (
				4DFF07EA1CEC2F6300C2A815 /* main.m */,
			);
			name = "Supporting Files";
			sourceTree = "<group>";
		};
/* End PBXGroup section */

/* Begin PBXNativeTarget section */
		4DFF07E51CEC2F6200C2A815 /* ActivityDemo */ = {
			isa = PBXNativeTarget;
			buildConfigurationList = 4DFF08001CEC2F6300C2A815 /* Build configuration list for PBXNativeTarget "ActivityDemo" */;
			buildPhases = (
				4DFF07E21CEC2F6200C2A815 /* Sources */,
				4DFF07E31CEC2F6200C2A815 /* Frameworks */,
				4DFF07E41CEC2F6200C2A815 /* Resources */,
			);
			buildRules = (
			);
			dependencies = (
			);
			name = ActivityDemo;
			productName = ActivityDemo;
			productReference = 4DFF07E61CEC2F6200C2A815 /* ActivityDemo.app */;
			productType = "com.apple.product-type.application";
		};
/* End PBXNativeTarget section */

/* Begin PBXProject section */
		4DFF07DE1CEC2F6200C2A815 /* Project object */ = {
			isa = PBXProject;
			attributes = {
				LastUpgradeCheck = 0730;
				ORGANIZATIONNAME = "Кравченко Максим";
				TargetAttributes = {
					4DFF07E51CEC2F6200C2A815 = {
						CreatedOnToolsVersion = 7.3;
					};
				};
			};
			buildConfigurationList = 4DFF07E11CEC2F6200C2A815 /* Build configuration list for PBXProject "ActivityDemo" */;
			compatibilityVersion = "Xcode 3.2";
			developmentRegion = English;
			hasScannedForEncodings = 0;
			knownRegions = (
				en,
				Base,
			);
			mainGroup = 4DFF07DD1CEC2F6200C2A815;
			productRefGroup = 4DFF07E71CEC2F6200C2A815 /* Products */;
			projectDirPath = "";
			projectRoot = "";
			targets = (
				4DFF07E51CEC2F6200C2A815 /* ActivityDemo */,
			);
		};
/* End PBXProject section */

/* Begin PBXResourcesBuildPhase section */
		4DFF07E41CEC2F6200C2A815 /* Resources */ = {
			isa = PBXResourcesBuildPhase;
			buildActionMask = 2147483647;
			files = (
				4DFF07FC1CEC2F6300C2A815 /* LaunchScreen.storyboard in Resources */,
				4DFF07F91CEC2F6300C2A815 /* Assets.xcassets in Resources */,
				4DFF07F41CEC2F6300C2A815 /* Main.storyboard in Resources */,
			);
			runOnlyForDeploymentPostprocessing = 0;
		};
/* End PBXResourcesBuildPhase section */

/* Begin PBXSourcesBuildPhase section */
		4DFF07E21CEC2F6200C2A815 /* Sources */ = {
			isa = PBXSourcesBuildPhase;
			buildActionMask = 2147483647;
			files = (
				4DFF08081CEC305300C2A815 /* ActivityListTableViewController.m in Sources */,
				4DFF07EE1CEC2F6300C2A815 /* AppDelegate.m in Sources */,
				9F64C1211CECF6CC00F35E15 /* ActivityTableViewCell.m in Sources */,
				4DFF07EB1CEC2F6300C2A815 /* main.m in Sources */,
				9F64C11E1CECE6B100F35E15 /* EditorTableViewController.m in Sources */,
				4DFF07F71CEC2F6300C2A815 /* ActivityDemo.xcdatamodeld in Sources */,
			);
			runOnlyForDeploymentPostprocessing = 0;
		};
/* End PBXSourcesBuildPhase section */

/* Begin PBXVariantGroup section */
		4DFF07F21CEC2F6300C2A815 /* Main.storyboard */ = {
			isa = PBXVariantGroup;
			children = (
				4DFF07F31CEC2F6300C2A815 /* Base */,
			);
			name = Main.storyboard;
			sourceTree = "<group>";
		};
		4DFF07FA1CEC2F6300C2A815 /* LaunchScreen.storyboard */ = {
			isa = PBXVariantGroup;
			children = (
				4DFF07FB1CEC2F6300C2A815 /* Base */,
			);
			name = LaunchScreen.storyboard;
			sourceTree = "<group>";
		};
/* End PBXVariantGroup section */

/* Begin XCBuildConfiguration section */
		4DFF07FE1CEC2F6300C2A815 /* Debug */ = {
			isa = XCBuildConfiguration;
			buildSettings = {
				ALWAYS_SEARCH_USER_PATHS = NO;
				CLANG_ANALYZER_NONNULL = YES;
				CLANG_CXX_LANGUAGE_STANDARD = "gnu++0x";
				CLANG_CXX_LIBRARY = "libc++";
				CLANG_ENABLE_MODULES = YES;
				CLANG_ENABLE_OBJC_ARC = YES;
				CLANG_WARN_BOOL_CONVERSION = YES;
				CLANG_WARN_CONSTANT_CONVERSION = YES;
				CLANG_WARN_DIRECT_OBJC_ISA_USAGE = YES_ERROR;
				CLANG_WARN_EMPTY_BODY = YES;
				CLANG_WARN_ENUM_CONVERSION = YES;
				CLANG_WARN_INT_CONVERSION = YES;
				CLANG_WARN_OBJC_ROOT_CLASS = YES_ERROR;
				CLANG_WARN_UNREACHABLE_CODE = YES;
				CLANG_WARN__DUPLICATE_METHOD_MATCH = YES;
				"CODE_SIGN_IDENTITY[sdk=iphoneos*]" = "iPhone Developer";
				COPY_PHASE_STRIP = NO;
				DEBUG_INFORMATION_FORMAT = dwarf;
				ENABLE_STRICT_OBJC_MSGSEND = YES;
				ENABLE_TESTABILITY = YES;
				GCC_C_LANGUAGE_STANDARD = gnu99;
				GCC_DYNAMIC_NO_PIC = NO;
				GCC_NO_COMMON_BLOCKS = YES;
				GCC_OPTIMIZATION_LEVEL = 0;
				GCC_PREPROCESSOR_DEFINITIONS = (
					"DEBUG=1",
					"$(inherited)",
				);
				GCC_WARN_64_TO_32_BIT_CONVERSION = YES;
				GCC_WARN_ABOUT_RETURN_TYPE = YES_ERROR;
				GCC_WARN_UNDECLARED_SELECTOR = YES;
				GCC_WARN_UNINITIALIZED_AUTOS = YES_AGGRESSIVE;
				GCC_WARN_UNUSED_FUNCTION = YES;
				GCC_WARN_UNUSED_VARIABLE = YES;
				IPHONEOS_DEPLOYMENT_TARGET = 9.3;
				MTL_ENABLE_DEBUG_INFO = YES;
				ONLY_ACTIVE_ARCH = YES;
				SDKROOT = iphoneos;
			};
			name = Debug;
		};
		4DFF07FF1CEC2F6300C2A815 /* Release */ = {
			isa = XCBuildConfiguration;
			buildSettings = {
				ALWAYS_SEARCH_USER_PATHS = NO;
				CLANG_ANALYZER_NONNULL = YES;
				CLANG_CXX_LANGUAGE_STANDARD = "gnu++0x";
				CLANG_CXX_LIBRARY = "libc++";
				CLANG_ENABLE_MODULES = YES;
				CLANG_ENABLE_OBJC_ARC = YES;
				CLANG_WARN_BOOL_CONVERSION = YES;
				CLANG_WARN_CONSTANT_CONVERSION = YES;
				CLANG_WARN_DIRECT_OBJC_ISA_USAGE = YES_ERROR;
				CLANG_WARN_EMPTY_BODY = YES;
				CLANG_WARN_ENUM_CONVERSION = YES;
				CLANG_WARN_INT_CONVERSION = YES;
				CLANG_WARN_OBJC_ROOT_CLASS = YES_ERROR;
				CLANG_WARN_UNREACHABLE_CODE = YES;
				CLANG_WARN__DUPLICATE_METHOD_MATCH = YES;
				"CODE_SIGN_IDENTITY[sdk=iphoneos*]" = "iPhone Developer";
				COPY_PHASE_STRIP = NO;
				DEBUG_INFORMATION_FORMAT = "dwarf-with-dsym";
				ENABLE_NS_ASSERTIONS = NO;
				ENABLE_STRICT_OBJC_MSGSEND = YES;
				GCC_C_LANGUAGE_STANDARD = gnu99;
				GCC_NO_COMMON_BLOCKS = YES;
				GCC_WARN_64_TO_32_BIT_CONVERSION = YES;
				GCC_WARN_ABOUT_RETURN_TYPE = YES_ERROR;
				GCC_WARN_UNDECLARED_SELECTOR = YES;
				GCC_WARN_UNINITIALIZED_AUTOS = YES_AGGRESSIVE;
				GCC_WARN_UNUSED_FUNCTION = YES;
				GCC_WARN_UNUSED_VARIABLE = YES;
				IPHONEOS_DEPLOYMENT_TARGET = 9.3;
				MTL_ENABLE_DEBUG_INFO = NO;
				SDKROOT = iphoneos;
				VALIDATE_PRODUCT = YES;
			};
			name = Release;
		};
		4DFF08011CEC2F6300C2A815 /* Debug */ = {
			isa = XCBuildConfiguration;
			buildSettings = {
				ASSETCATALOG_COMPILER_APPICON_NAME = AppIcon;
				CODE_SIGN_IDENTITY = "iPhone Developer";
				INFOPLIST_FILE = ActivityDemo/Info.plist;
				LD_RUNPATH_SEARCH_PATHS = "$(inherited) @executable_path/Frameworks";
				PRODUCT_BUNDLE_IDENTIFIER = ua.test.ActivityDemo;
				PRODUCT_NAME = "$(TARGET_NAME)";
			};
			name = Debug;
		};
		4DFF08021CEC2F6300C2A815 /* Release */ = {
			isa = XCBuildConfiguration;
			buildSettings = {
				ASSETCATALOG_COMPILER_APPICON_NAME = AppIcon;
				CODE_SIGN_IDENTITY = "iPhone Developer";
				INFOPLIST_FILE = ActivityDemo/Info.plist;
				LD_RUNPATH_SEARCH_PATHS = "$(inherited) @executable_path/Frameworks";
				PRODUCT_BUNDLE_IDENTIFIER = ua.test.ActivityDemo;
				PRODUCT_NAME = "$(TARGET_NAME)";
			};
			name = Release;
		};
/* End XCBuildConfiguration section */

/* Begin XCConfigurationList section */
		4DFF07E11CEC2F6200C2A815 /* Build configuration list for PBXProject "ActivityDemo" */ = {
			isa = XCConfigurationList;
			buildConfigurations = (
				4DFF07FE1CEC2F6300C2A815 /* Debug */,
				4DFF07FF1CEC2F6300C2A815 /* Release */,
			);
			defaultConfigurationIsVisible = 0;
			defaultConfigurationName = Release;
		};
		4DFF08001CEC2F6300C2A815 /* Build configuration list for PBXNativeTarget "ActivityDemo" */ = {
			isa = XCConfigurationList;
			buildConfigurations = (
				4DFF08011CEC2F6300C2A815 /* Debug */,
				4DFF08021CEC2F6300C2A815 /* Release */,
			);
			defaultConfigurationIsVisible = 0;
			defaultConfigurationName = Release;
		};
/* End XCConfigurationList section */

/* Begin XCVersionGroup section */
		4DFF07F51CEC2F6300C2A815 /* ActivityDemo.xcdatamodeld */ = {
			isa = XCVersionGroup;
			children = (
				4DFF07F61CEC2F6300C2A815 /* ActivityDemo.xcdatamodel */,
			);
			currentVersion = 4DFF07F61CEC2F6300C2A815 /* ActivityDemo.xcdatamodel */;
			path = ActivityDemo.xcdatamodeld;
			sourceTree = "<group>";
			versionGroupType = wrapper.xcdatamodel;
		};
/* End XCVersionGroup section */
	};
	rootObject = 4DFF07DE1CEC2F6200C2A815 /* Project object */;
}
